
Microsoft Visual Studio Solution File, Format Version 12.00
# Visual Studio Version 17
VisualStudioVersion = 17.6.33829.357
MinimumVisualStudioVersion = 10.0.40219.1
Project("{FAE04EC0-301F-11D3-BF4B-00C04F79EFBC}") = "DataTypesApp", "DataTypesApp\DataTypesApp.csproj", "{5079C6ED-0110-46C0-B056-4DC0F47A785D}"
EndProject
Global
	GlobalSection(SolutionConfigurationPlatforms) = preSolution
		Debug|Any CPU = Debug|Any CPU
		Release|Any CPU = Release|Any CPU
	EndGlobalSection
	GlobalSection(ProjectConfigurationPlatforms) = postSolution
		{5079C6ED-0110-46C0-B056-4DC0F47A785D}.Debug|Any CPU.ActiveCfg = Debug|Any CPU
		{5079C6ED-0110-46C0-B056-4DC0F47A785D}.Debug|Any CPU.Build.0 = Debug|Any CPU
		{5079C6ED-0110-46C0-B056-4DC0F47A785D}.Release|Any CPU.ActiveCfg = Release|Any CPU
		{5079C6ED-0110-46C0-B056-4DC0F47A785D}.Release|Any CPU.Build.0 = Release|Any CPU
	EndGlobalSection
	GlobalSection(SolutionProperties) = preSolution
		HideSolutionNode = FALSE
	EndGlobalSection
	GlobalSection(ExtensibilityGlobals) = postSolution
		SolutionGuid = {D3C08111-6FD8-444A-AB91-46B986668706}
	EndGlobalSection
EndGlobal
